
Microsoft Visual Studio Solution File, Format Version 12.00
# Visual Studio Version 17
VisualStudioVersion = 17.5.33530.505
MinimumVisualStudioVersion = 10.0.40219.1
Project("{9A19103F-16F7-4668-BE54-9A1E7A4F7556}") = "СalculatorLib", "СalculatorLib\СalculatorLib.csproj", "{FE16D24C-148E-4F95-9902-FFC37E4BE72F}"
EndProject
Project("{FAE04EC0-301F-11D3-BF4B-00C04F79EFBC}") = "WpfCalc", "WpfCalc\WpfCalc.csproj", "{1E8C4D24-B672-41CA-8982-D12AFC84A18E}"
EndProject
Project("{FAE04EC0-301F-11D3-BF4B-00C04F79EFBC}") = "DroidCalc", "DroidCalc\DroidCalc.csproj", "{C5D47345-F4EA-4421-8A8B-F55C77BC9E85}"
EndProject
Global
	GlobalSection(SolutionConfigurationPlatforms) = preSolution
		Debug|Any CPU = Debug|Any CPU
		Release|Any CPU = Release|Any CPU
	EndGlobalSection
	GlobalSection(ProjectConfigurationPlatforms) = postSolution
		{FE16D24C-148E-4F95-9902-FFC37E4BE72F}.Debug|Any CPU.ActiveCfg = Debug|Any CPU
		{FE16D24C-148E-4F95-9902-FFC37E4BE72F}.Debug|Any CPU.Build.0 = Debug|Any CPU
		{FE16D24C-148E-4F95-9902-FFC37E4BE72F}.Release|Any CPU.ActiveCfg = Release|Any CPU
		{FE16D24C-148E-4F95-9902-FFC37E4BE72F}.Release|Any CPU.Build.0 = Release|Any CPU
		{1E8C4D24-B672-41CA-8982-D12AFC84A18E}.Debug|Any CPU.ActiveCfg = Debug|Any CPU
		{1E8C4D24-B672-41CA-8982-D12AFC84A18E}.Debug|Any CPU.Build.0 = Debug|Any CPU
		{1E8C4D24-B672-41CA-8982-D12AFC84A18E}.Release|Any CPU.ActiveCfg = Release|Any CPU
		{1E8C4D24-B672-41CA-8982-D12AFC84A18E}.Release|Any CPU.Build.0 = Release|Any CPU
		{C5D47345-F4EA-4421-8A8B-F55C77BC9E85}.Debug|Any CPU.ActiveCfg = Debug|Any CPU
		{C5D47345-F4EA-4421-8A8B-F55C77BC9E85}.Debug|Any CPU.Build.0 = Debug|Any CPU
		{C5D47345-F4EA-4421-8A8B-F55C77BC9E85}.Debug|Any CPU.Deploy.0 = Debug|Any CPU
		{C5D47345-F4EA-4421-8A8B-F55C77BC9E85}.Release|Any CPU.ActiveCfg = Release|Any CPU
		{C5D47345-F4EA-4421-8A8B-F55C77BC9E85}.Release|Any CPU.Build.0 = Release|Any CPU
		{C5D47345-F4EA-4421-8A8B-F55C77BC9E85}.Release|Any CPU.Deploy.0 = Release|Any CPU
	EndGlobalSection
	GlobalSection(SolutionProperties) = preSolution
		HideSolutionNode = FALSE
	EndGlobalSection
	GlobalSection(ExtensibilityGlobals) = postSolution
		SolutionGuid = {D2B138F9-A650-423E-920B-E996981DC8FF}
	EndGlobalSection
EndGlobal
